
Microsoft Visual Studio Solution File, Format Version 12.00
# Visual Studio Version 17
VisualStudioVersion = 17.9.34616.47
MinimumVisualStudioVersion = 10.0.40219.1
Project("{8BC9CEB8-8B4A-11D0-8D11-00A0C91BC942}") = "double", "double\double.vcxproj", "{595FD485-6155-49BF-BF13-6E233AF0719D}"
EndProject
Global
	GlobalSection(SolutionConfigurationPlatforms) = preSolution
		Debug|x64 = Debug|x64
		Debug|x86 = Debug|x86
		Release|x64 = Release|x64
		Release|x86 = Release|x86
	EndGlobalSection
	GlobalSection(ProjectConfigurationPlatforms) = postSolution
		{595FD485-6155-49BF-BF13-6E233AF0719D}.Debug|x64.ActiveCfg = Debug|x64
		{595FD485-6155-49BF-BF13-6E233AF0719D}.Debug|x64.Build.0 = Debug|x64
		{595FD485-6155-49BF-BF13-6E233AF0719D}.Debug|x86.ActiveCfg = Debug|Win32
		{595FD485-6155-49BF-BF13-6E233AF0719D}.Debug|x86.Build.0 = Debug|Win32
		{595FD485-6155-49BF-BF13-6E233AF0719D}.Release|x64.ActiveCfg = Release|x64
		{595FD485-6155-49BF-BF13-6E233AF0719D}.Release|x64.Build.0 = Release|x64
		{595FD485-6155-49BF-BF13-6E233AF0719D}.Release|x86.ActiveCfg = Release|Win32
		{595FD485-6155-49BF-BF13-6E233AF0719D}.Release|x86.Build.0 = Release|Win32
	EndGlobalSection
	GlobalSection(SolutionProperties) = preSolution
		HideSolutionNode = FALSE
	EndGlobalSection
	GlobalSection(ExtensibilityGlobals) = postSolution
		SolutionGuid = {3B89EEE7-0756-41B8-AE9A-5010C262C29F}
	EndGlobalSection
EndGlobal
